
Microsoft Visual Studio Solution File, Format Version 12.00
# Visual Studio Version 16
VisualStudioVersion = 16.0.31019.35
MinimumVisualStudioVersion = 10.0.40219.1
Project("{9A19103F-16F7-4668-BE54-9A1E7A4F7556}") = "ParentApi", "ParentApi.csproj", "{C03E0609-4042-4A4C-826F-08E16EE3F467}"
EndProject
Global
	GlobalSection(SolutionConfigurationPlatforms) = preSolution
		Debug|Any CPU = Debug|Any CPU
		Release|Any CPU = Release|Any CPU
	EndGlobalSection
	GlobalSection(ProjectConfigurationPlatforms) = postSolution
		{C03E0609-4042-4A4C-826F-08E16EE3F467}.Debug|Any CPU.ActiveCfg = Debug|Any CPU
		{C03E0609-4042-4A4C-826F-08E16EE3F467}.Debug|Any CPU.Build.0 = Debug|Any CPU
		{C03E0609-4042-4A4C-826F-08E16EE3F467}.Release|Any CPU.ActiveCfg = Release|Any CPU
		{C03E0609-4042-4A4C-826F-08E16EE3F467}.Release|Any CPU.Build.0 = Release|Any CPU
	EndGlobalSection
	GlobalSection(SolutionProperties) = preSolution
		HideSolutionNode = FALSE
	EndGlobalSection
	GlobalSection(ExtensibilityGlobals) = postSolution
		SolutionGuid = {66DB4E4C-44DF-4716-B7F5-FE779BB2C549}
	EndGlobalSection
EndGlobal
